// !$*UTF8*$!
{
	archiveVersion = 1;
	classes = {
	};
	objectVersion = 51;
	objects = {

/* Begin PBXBuildFile section */
		2448817722DE3E64001BF872 /* AppDelegate.m in Sources */ = {isa = PBXBuildFile; fileRef = 2448817622DE3E64001BF872 /* AppDelegate.m */; };
		2448817D22DE3E64001BF872 /* Main.storyboard in Resources */ = {isa = PBXBuildFile; fileRef = 2448817B22DE3E64001BF872 /* Main.storyboard */; };
		2448817F22DE3E64001BF872 /* Assets.xcassets in Resources */ = {isa = PBXBuildFile; fileRef = 2448817E22DE3E64001BF872 /* Assets.xcassets */; };
		2448818222DE3E64001BF872 /* LaunchScreen.storyboard in Resources */ = {isa = PBXBuildFile; fileRef = 2448818022DE3E64001BF872 /* LaunchScreen.storyboard */; };
		2448818522DE3E64001BF872 /* main.m in Sources */ = {isa = PBXBuildFile; fileRef = 2448818422DE3E64001BF872 /* main.m */; };
		2448818F22DE3E64001BF872 /* StoplightTests.m in Sources */ = {isa = PBXBuildFile; fileRef = 2448818E22DE3E64001BF872 /* StoplightTests.m */; };
		2448819A22DE3E64001BF872 /* StoplightUITests.m in Sources */ = {isa = PBXBuildFile; fileRef = 2448819922DE3E64001BF872 /* StoplightUITests.m */; };
		244EB52922DFF1AA00A34141 /* Article.h in Sources */ = {isa = PBXBuildFile; fileRef = FCD4691122DE6F130036AA23 /* Article.h */; };
		2461EBF822E1356D00077272 /* ArticleCell.h in Sources */ = {isa = PBXBuildFile; fileRef = 70886B6222DE7855009F3DB8 /* ArticleCell.h */; };
		2461EBF922E1356D00077272 /* CategoryCell.h in Sources */ = {isa = PBXBuildFile; fileRef = 7093A8D422E0F0E60020F977 /* CategoryCell.h */; };
		2461EBFA22E1356D00077272 /* User.h in Sources */ = {isa = PBXBuildFile; fileRef = 70886B6522DE7D56009F3DB8 /* User.h */; };
		2461EBFB22E1357600077272 /* SignupViewController.h in Sources */ = {isa = PBXBuildFile; fileRef = FCD1852222DFDDF000315845 /* SignupViewController.h */; };
		2461EBFC22E1357600077272 /* FeedViewController.h in Sources */ = {isa = PBXBuildFile; fileRef = FCD1851E22DFDDF000315845 /* FeedViewController.h */; };
		2461EBFD22E1357600077272 /* SetupViewController.h in Sources */ = {isa = PBXBuildFile; fileRef = FCD1851D22DFDDF000315845 /* SetupViewController.h */; };
		2461EBFE22E1357C00077272 /* APIManager.h in Sources */ = {isa = PBXBuildFile; fileRef = FCD4690E22DE59A60036AA23 /* APIManager.h */; };
		2461EBFF22E1357C00077272 /* AppDelegate.h in Sources */ = {isa = PBXBuildFile; fileRef = 2448817522DE3E64001BF872 /* AppDelegate.h */; };
		2461EC0022E1375F00077272 /* LoginViewController.m in Sources */ = {isa = PBXBuildFile; fileRef = FCD1851A22DFDDF000315845 /* LoginViewController.m */; };
		2461EC0122E1376800077272 /* LoginViewController.h in Sources */ = {isa = PBXBuildFile; fileRef = FCD1851F22DFDDF000315845 /* LoginViewController.h */; };
		373D107763C3D0757F4C10EC /* Pods_StoplightTests.framework in Frameworks */ = {isa = PBXBuildFile; fileRef = 7B1492F1CC1FD23A5C11848C /* Pods_StoplightTests.framework */; };
		706946D822E8E75B0009FB03 /* SourceCell.m in Sources */ = {isa = PBXBuildFile; fileRef = 706946D722E8E75B0009FB03 /* SourceCell.m */; };
		7075743D22EF8C9300AA669A /* SettingsCategoryCell.m in Sources */ = {isa = PBXBuildFile; fileRef = 7075743C22EF8C9300AA669A /* SettingsCategoryCell.m */; };
		7075744022F25F5A00AA669A /* UIColor+AppColors.m in Sources */ = {isa = PBXBuildFile; fileRef = 7075743F22F25F5A00AA669A /* UIColor+AppColors.m */; };
		70886B5522DE709E009F3DB8 /* (null) in Sources */ = {isa = PBXBuildFile; };
		70886B6422DE7855009F3DB8 /* ArticleCell.m in Sources */ = {isa = PBXBuildFile; fileRef = 70886B6322DE7855009F3DB8 /* ArticleCell.m */; };
		70886B6722DE7D56009F3DB8 /* User.m in Sources */ = {isa = PBXBuildFile; fileRef = 70886B6622DE7D56009F3DB8 /* User.m */; };
		7093A8D622E0F0E60020F977 /* CategoryCell.m in Sources */ = {isa = PBXBuildFile; fileRef = 7093A8D522E0F0E60020F977 /* CategoryCell.m */; };
		7093A8E522E2409D0020F977 /* SettingsViewController.m in Sources */ = {isa = PBXBuildFile; fileRef = 7093A8E422E2409D0020F977 /* SettingsViewController.m */; };
		B21A5D4C790187AE56B6CBC5 /* Pods_StoplightUITests.framework in Frameworks */ = {isa = PBXBuildFile; fileRef = 682BA60F8CB4BFD5BD31D337 /* Pods_StoplightUITests.framework */; };
		C2BD654EAD96C4B6D5644B49 /* Pods_Stoplight.framework in Frameworks */ = {isa = PBXBuildFile; fileRef = 0DD58D9CE8EA4CE4E34A0DA3 /* Pods_Stoplight.framework */; };
		FC11E89A22E67DB8007380B7 /* AdjustSourcesViewController.m in Sources */ = {isa = PBXBuildFile; fileRef = FC11E89922E67DB8007380B7 /* AdjustSourcesViewController.m */; };
		FC11E89D22E67DE5007380B7 /* AdjustCategoriesViewController.m in Sources */ = {isa = PBXBuildFile; fileRef = FC11E89C22E67DE5007380B7 /* AdjustCategoriesViewController.m */; };
		FC50EB3E22F9F61400F267D4 /* Utility.h in Sources */ = {isa = PBXBuildFile; fileRef = 70EA3C3E22E674060047F361 /* Utility.h */; };
		FC50EB3F22F9F61400F267D4 /* Utility.m in Sources */ = {isa = PBXBuildFile; fileRef = 70EA3C3F22E674060047F361 /* Utility.m */; };
		FC6FA4B122EBBB8400316C1D /* WebKit.framework in Frameworks */ = {isa = PBXBuildFile; fileRef = FC6FA4B022EBBB8400316C1D /* WebKit.framework */; };
		FC6FA4B422EBBBBB00316C1D /* WebViewController.m in Sources */ = {isa = PBXBuildFile; fileRef = FC6FA4B322EBBBBB00316C1D /* WebViewController.m */; };
		FC6FA4B722F0B84A00316C1D /* SearchViewController.m in Sources */ = {isa = PBXBuildFile; fileRef = FC6FA4B622F0B84A00316C1D /* SearchViewController.m */; };
		FC6FA4BD22F3B38500316C1D /* SearchArticleCell.m in Sources */ = {isa = PBXBuildFile; fileRef = FC6FA4BC22F3B38500316C1D /* SearchArticleCell.m */; };
		FCD1850F22DF9F4C00315845 /* (null) in Sources */ = {isa = PBXBuildFile; };
		FCD1852322DFDDF000315845 /* FeedViewController.m in Sources */ = {isa = PBXBuildFile; fileRef = FCD1851722DFDDF000315845 /* FeedViewController.m */; };
		FCD1852422DFDDF000315845 /* SetupViewController.m in Sources */ = {isa = PBXBuildFile; fileRef = FCD1851822DFDDF000315845 /* SetupViewController.m */; };
		FCD1852622DFDDF000315845 /* SignupViewController.m in Sources */ = {isa = PBXBuildFile; fileRef = FCD1851B22DFDDF000315845 /* SignupViewController.m */; };
		FCD4691022DE59A60036AA23 /* APIManager.m in Sources */ = {isa = PBXBuildFile; fileRef = FCD4690F22DE59A60036AA23 /* APIManager.m */; };
		FCD4691322DE6F130036AA23 /* Article.m in Sources */ = {isa = PBXBuildFile; fileRef = FCD4691222DE6F130036AA23 /* Article.m */; };
/* End PBXBuildFile section */

/* Begin PBXContainerItemProxy section */
		2448818B22DE3E64001BF872 /* PBXContainerItemProxy */ = {
			isa = PBXContainerItemProxy;
			containerPortal = 2448816A22DE3E64001BF872 /* Project object */;
			proxyType = 1;
			remoteGlobalIDString = 2448817122DE3E64001BF872;
			remoteInfo = Stoplight;
		};
		2448819622DE3E64001BF872 /* PBXContainerItemProxy */ = {
			isa = PBXContainerItemProxy;
			containerPortal = 2448816A22DE3E64001BF872 /* Project object */;
			proxyType = 1;
			remoteGlobalIDString = 2448817122DE3E64001BF872;
			remoteInfo = Stoplight;
		};
/* End PBXContainerItemProxy section */

/* Begin PBXFileReference section */
		0DD58D9CE8EA4CE4E34A0DA3 /* Pods_Stoplight.framework */ = {isa = PBXFileReference; explicitFileType = wrapper.framework; includeInIndex = 0; path = Pods_Stoplight.framework; sourceTree = BUILT_PRODUCTS_DIR; };
		234E754C9FC2B55DAEC64298 /* Pods-Stoplight.release.xcconfig */ = {isa = PBXFileReference; includeInIndex = 1; lastKnownFileType = text.xcconfig; name = "Pods-Stoplight.release.xcconfig"; path = "Target Support Files/Pods-Stoplight/Pods-Stoplight.release.xcconfig"; sourceTree = "<group>"; };
		2448817222DE3E64001BF872 /* Stoplight.app */ = {isa = PBXFileReference; explicitFileType = wrapper.application; includeInIndex = 0; path = Stoplight.app; sourceTree = BUILT_PRODUCTS_DIR; };
		2448817522DE3E64001BF872 /* AppDelegate.h */ = {isa = PBXFileReference; lastKnownFileType = sourcecode.c.h; path = AppDelegate.h; sourceTree = "<group>"; };
		2448817622DE3E64001BF872 /* AppDelegate.m */ = {isa = PBXFileReference; lastKnownFileType = sourcecode.c.objc; path = AppDelegate.m; sourceTree = "<group>"; };
		2448817C22DE3E64001BF872 /* Base */ = {isa = PBXFileReference; lastKnownFileType = file.storyboard; name = Base; path = Base.lproj/Main.storyboard; sourceTree = "<group>"; };
		2448817E22DE3E64001BF872 /* Assets.xcassets */ = {isa = PBXFileReference; lastKnownFileType = folder.assetcatalog; path = Assets.xcassets; sourceTree = "<group>"; };
		2448818122DE3E64001BF872 /* Base */ = {isa = PBXFileReference; lastKnownFileType = file.storyboard; name = Base; path = Base.lproj/LaunchScreen.storyboard; sourceTree = "<group>"; };
		2448818322DE3E64001BF872 /* Info.plist */ = {isa = PBXFileReference; lastKnownFileType = text.plist.xml; path = Info.plist; sourceTree = "<group>"; };
		2448818422DE3E64001BF872 /* main.m */ = {isa = PBXFileReference; lastKnownFileType = sourcecode.c.objc; path = main.m; sourceTree = "<group>"; };
		2448818A22DE3E64001BF872 /* StoplightTests.xctest */ = {isa = PBXFileReference; explicitFileType = wrapper.cfbundle; includeInIndex = 0; path = StoplightTests.xctest; sourceTree = BUILT_PRODUCTS_DIR; };
		2448818E22DE3E64001BF872 /* StoplightTests.m */ = {isa = PBXFileReference; lastKnownFileType = sourcecode.c.objc; path = StoplightTests.m; sourceTree = "<group>"; };
		2448819022DE3E64001BF872 /* Info.plist */ = {isa = PBXFileReference; lastKnownFileType = text.plist.xml; path = Info.plist; sourceTree = "<group>"; };
		2448819522DE3E64001BF872 /* StoplightUITests.xctest */ = {isa = PBXFileReference; explicitFileType = wrapper.cfbundle; includeInIndex = 0; path = StoplightUITests.xctest; sourceTree = BUILT_PRODUCTS_DIR; };
		2448819922DE3E64001BF872 /* StoplightUITests.m */ = {isa = PBXFileReference; lastKnownFileType = sourcecode.c.objc; path = StoplightUITests.m; sourceTree = "<group>"; };
		2448819B22DE3E64001BF872 /* Info.plist */ = {isa = PBXFileReference; lastKnownFileType = text.plist.xml; path = Info.plist; sourceTree = "<group>"; };
		682BA60F8CB4BFD5BD31D337 /* Pods_StoplightUITests.framework */ = {isa = PBXFileReference; explicitFileType = wrapper.framework; includeInIndex = 0; path = Pods_StoplightUITests.framework; sourceTree = BUILT_PRODUCTS_DIR; };
		6FFDF166D25AFEE8C65BF820 /* Pods-StoplightUITests.debug.xcconfig */ = {isa = PBXFileReference; includeInIndex = 1; lastKnownFileType = text.xcconfig; name = "Pods-StoplightUITests.debug.xcconfig"; path = "Target Support Files/Pods-StoplightUITests/Pods-StoplightUITests.debug.xcconfig"; sourceTree = "<group>"; };
		706946D622E8E75B0009FB03 /* SourceCell.h */ = {isa = PBXFileReference; lastKnownFileType = sourcecode.c.h; path = SourceCell.h; sourceTree = "<group>"; };
		706946D722E8E75B0009FB03 /* SourceCell.m */ = {isa = PBXFileReference; lastKnownFileType = sourcecode.c.objc; path = SourceCell.m; sourceTree = "<group>"; };
		7075743B22EF8C9300AA669A /* SettingsCategoryCell.h */ = {isa = PBXFileReference; lastKnownFileType = sourcecode.c.h; path = SettingsCategoryCell.h; sourceTree = "<group>"; };
		7075743C22EF8C9300AA669A /* SettingsCategoryCell.m */ = {isa = PBXFileReference; lastKnownFileType = sourcecode.c.objc; path = SettingsCategoryCell.m; sourceTree = "<group>"; };
		7075743E22F25F5A00AA669A /* UIColor+AppColors.h */ = {isa = PBXFileReference; lastKnownFileType = sourcecode.c.h; path = "UIColor+AppColors.h"; sourceTree = "<group>"; };
		7075743F22F25F5A00AA669A /* UIColor+AppColors.m */ = {isa = PBXFileReference; lastKnownFileType = sourcecode.c.objc; path = "UIColor+AppColors.m"; sourceTree = "<group>"; };
		70886B6222DE7855009F3DB8 /* ArticleCell.h */ = {isa = PBXFileReference; lastKnownFileType = sourcecode.c.h; path = ArticleCell.h; sourceTree = "<group>"; };
		70886B6322DE7855009F3DB8 /* ArticleCell.m */ = {isa = PBXFileReference; lastKnownFileType = sourcecode.c.objc; path = ArticleCell.m; sourceTree = "<group>"; };
		70886B6522DE7D56009F3DB8 /* User.h */ = {isa = PBXFileReference; lastKnownFileType = sourcecode.c.h; path = User.h; sourceTree = "<group>"; };
		70886B6622DE7D56009F3DB8 /* User.m */ = {isa = PBXFileReference; lastKnownFileType = sourcecode.c.objc; path = User.m; sourceTree = "<group>"; };
		7093A8D422E0F0E60020F977 /* CategoryCell.h */ = {isa = PBXFileReference; fileEncoding = 4; lastKnownFileType = sourcecode.c.h; path = CategoryCell.h; sourceTree = "<group>"; };
		7093A8D522E0F0E60020F977 /* CategoryCell.m */ = {isa = PBXFileReference; fileEncoding = 4; lastKnownFileType = sourcecode.c.objc; path = CategoryCell.m; sourceTree = "<group>"; };
		7093A8E322E2409D0020F977 /* SettingsViewController.h */ = {isa = PBXFileReference; lastKnownFileType = sourcecode.c.h; path = SettingsViewController.h; sourceTree = "<group>"; };
		7093A8E422E2409D0020F977 /* SettingsViewController.m */ = {isa = PBXFileReference; lastKnownFileType = sourcecode.c.objc; path = SettingsViewController.m; sourceTree = "<group>"; };
		70EA3C3E22E674060047F361 /* Utility.h */ = {isa = PBXFileReference; lastKnownFileType = sourcecode.c.h; path = Utility.h; sourceTree = "<group>"; };
		70EA3C3F22E674060047F361 /* Utility.m */ = {isa = PBXFileReference; lastKnownFileType = sourcecode.c.objc; path = Utility.m; sourceTree = "<group>"; };
		7B1492F1CC1FD23A5C11848C /* Pods_StoplightTests.framework */ = {isa = PBXFileReference; explicitFileType = wrapper.framework; includeInIndex = 0; path = Pods_StoplightTests.framework; sourceTree = BUILT_PRODUCTS_DIR; };
		8E73920B81AF7502AC91B586 /* Pods-Stoplight.debug.xcconfig */ = {isa = PBXFileReference; includeInIndex = 1; lastKnownFileType = text.xcconfig; name = "Pods-Stoplight.debug.xcconfig"; path = "Target Support Files/Pods-Stoplight/Pods-Stoplight.debug.xcconfig"; sourceTree = "<group>"; };
		A5C2C6156C57B752C3E9DA80 /* Pods-StoplightUITests.release.xcconfig */ = {isa = PBXFileReference; includeInIndex = 1; lastKnownFileType = text.xcconfig; name = "Pods-StoplightUITests.release.xcconfig"; path = "Target Support Files/Pods-StoplightUITests/Pods-StoplightUITests.release.xcconfig"; sourceTree = "<group>"; };
		D4E31C989648A2743929109F /* Pods-StoplightTests.debug.xcconfig */ = {isa = PBXFileReference; includeInIndex = 1; lastKnownFileType = text.xcconfig; name = "Pods-StoplightTests.debug.xcconfig"; path = "Target Support Files/Pods-StoplightTests/Pods-StoplightTests.debug.xcconfig"; sourceTree = "<group>"; };
		E7BDF2D6C231F2953035071D /* Pods-StoplightTests.release.xcconfig */ = {isa = PBXFileReference; includeInIndex = 1; lastKnownFileType = text.xcconfig; name = "Pods-StoplightTests.release.xcconfig"; path = "Target Support Files/Pods-StoplightTests/Pods-StoplightTests.release.xcconfig"; sourceTree = "<group>"; };
		FC11E89822E67DB8007380B7 /* AdjustSourcesViewController.h */ = {isa = PBXFileReference; lastKnownFileType = sourcecode.c.h; path = AdjustSourcesViewController.h; sourceTree = "<group>"; };
		FC11E89922E67DB8007380B7 /* AdjustSourcesViewController.m */ = {isa = PBXFileReference; lastKnownFileType = sourcecode.c.objc; path = AdjustSourcesViewController.m; sourceTree = "<group>"; };
		FC11E89B22E67DE5007380B7 /* AdjustCategoriesViewController.h */ = {isa = PBXFileReference; lastKnownFileType = sourcecode.c.h; path = AdjustCategoriesViewController.h; sourceTree = "<group>"; };
		FC11E89C22E67DE5007380B7 /* AdjustCategoriesViewController.m */ = {isa = PBXFileReference; lastKnownFileType = sourcecode.c.objc; path = AdjustCategoriesViewController.m; sourceTree = "<group>"; };
		FC6FA4B022EBBB8400316C1D /* WebKit.framework */ = {isa = PBXFileReference; lastKnownFileType = wrapper.framework; name = WebKit.framework; path = System/Library/Frameworks/WebKit.framework; sourceTree = SDKROOT; };
		FC6FA4B222EBBBBB00316C1D /* WebViewController.h */ = {isa = PBXFileReference; lastKnownFileType = sourcecode.c.h; path = WebViewController.h; sourceTree = "<group>"; };
		FC6FA4B322EBBBBB00316C1D /* WebViewController.m */ = {isa = PBXFileReference; lastKnownFileType = sourcecode.c.objc; path = WebViewController.m; sourceTree = "<group>"; };
		FC6FA4B522F0B84A00316C1D /* SearchViewController.h */ = {isa = PBXFileReference; lastKnownFileType = sourcecode.c.h; path = SearchViewController.h; sourceTree = "<group>"; };
		FC6FA4B622F0B84A00316C1D /* SearchViewController.m */ = {isa = PBXFileReference; lastKnownFileType = sourcecode.c.objc; path = SearchViewController.m; sourceTree = "<group>"; };
		FC6FA4BB22F3B38500316C1D /* SearchArticleCell.h */ = {isa = PBXFileReference; lastKnownFileType = sourcecode.c.h; path = SearchArticleCell.h; sourceTree = "<group>"; };
		FC6FA4BC22F3B38500316C1D /* SearchArticleCell.m */ = {isa = PBXFileReference; lastKnownFileType = sourcecode.c.objc; path = SearchArticleCell.m; sourceTree = "<group>"; };
		FCD1851722DFDDF000315845 /* FeedViewController.m */ = {isa = PBXFileReference; fileEncoding = 4; lastKnownFileType = sourcecode.c.objc; path = FeedViewController.m; sourceTree = "<group>"; };
		FCD1851822DFDDF000315845 /* SetupViewController.m */ = {isa = PBXFileReference; fileEncoding = 4; lastKnownFileType = sourcecode.c.objc; path = SetupViewController.m; sourceTree = "<group>"; };
		FCD1851A22DFDDF000315845 /* LoginViewController.m */ = {isa = PBXFileReference; fileEncoding = 4; lastKnownFileType = sourcecode.c.objc; path = LoginViewController.m; sourceTree = "<group>"; };
		FCD1851B22DFDDF000315845 /* SignupViewController.m */ = {isa = PBXFileReference; fileEncoding = 4; lastKnownFileType = sourcecode.c.objc; path = SignupViewController.m; sourceTree = "<group>"; };
		FCD1851D22DFDDF000315845 /* SetupViewController.h */ = {isa = PBXFileReference; fileEncoding = 4; lastKnownFileType = sourcecode.c.h; path = SetupViewController.h; sourceTree = "<group>"; };
		FCD1851E22DFDDF000315845 /* FeedViewController.h */ = {isa = PBXFileReference; fileEncoding = 4; lastKnownFileType = sourcecode.c.h; path = FeedViewController.h; sourceTree = "<group>"; };
		FCD1851F22DFDDF000315845 /* LoginViewController.h */ = {isa = PBXFileReference; fileEncoding = 4; lastKnownFileType = sourcecode.c.h; path = LoginViewController.h; sourceTree = "<group>"; };
		FCD1852222DFDDF000315845 /* SignupViewController.h */ = {isa = PBXFileReference; fileEncoding = 4; lastKnownFileType = sourcecode.c.h; path = SignupViewController.h; sourceTree = "<group>"; };
		FCD4690E22DE59A60036AA23 /* APIManager.h */ = {isa = PBXFileReference; lastKnownFileType = sourcecode.c.h; path = APIManager.h; sourceTree = "<group>"; };
		FCD4690F22DE59A60036AA23 /* APIManager.m */ = {isa = PBXFileReference; lastKnownFileType = sourcecode.c.objc; path = APIManager.m; sourceTree = "<group>"; };
		FCD4691122DE6F130036AA23 /* Article.h */ = {isa = PBXFileReference; lastKnownFileType = sourcecode.c.h; path = Article.h; sourceTree = "<group>"; };
		FCD4691222DE6F130036AA23 /* Article.m */ = {isa = PBXFileReference; lastKnownFileType = sourcecode.c.objc; path = Article.m; sourceTree = "<group>"; };
/* End PBXFileReference section */

/* Begin PBXFrameworksBuildPhase section */
		2448816F22DE3E64001BF872 /* Frameworks */ = {
			isa = PBXFrameworksBuildPhase;
			buildActionMask = 2147483647;
			files = (
				FC6FA4B122EBBB8400316C1D /* WebKit.framework in Frameworks */,
				C2BD654EAD96C4B6D5644B49 /* Pods_Stoplight.framework in Frameworks */,
			);
			runOnlyForDeploymentPostprocessing = 0;
		};
		2448818722DE3E64001BF872 /* Frameworks */ = {
			isa = PBXFrameworksBuildPhase;
			buildActionMask = 2147483647;
			files = (
				373D107763C3D0757F4C10EC /* Pods_StoplightTests.framework in Frameworks */,
			);
			runOnlyForDeploymentPostprocessing = 0;
		};
		2448819222DE3E64001BF872 /* Frameworks */ = {
			isa = PBXFrameworksBuildPhase;
			buildActionMask = 2147483647;
			files = (
				B21A5D4C790187AE56B6CBC5 /* Pods_StoplightUITests.framework in Frameworks */,
			);
			runOnlyForDeploymentPostprocessing = 0;
		};
/* End PBXFrameworksBuildPhase section */

/* Begin PBXGroup section */
		2448816922DE3E64001BF872 = {
			isa = PBXGroup;
			children = (
				2448817422DE3E64001BF872 /* Stoplight */,
				2448818D22DE3E64001BF872 /* StoplightTests */,
				2448819822DE3E64001BF872 /* StoplightUITests */,
				2448817322DE3E64001BF872 /* Products */,
				6112322C97C0C80342E17421 /* Pods */,
				520C38EE5D0260FC57F8382E /* Frameworks */,
			);
			sourceTree = "<group>";
		};
		2448817322DE3E64001BF872 /* Products */ = {
			isa = PBXGroup;
			children = (
				2448817222DE3E64001BF872 /* Stoplight.app */,
				2448818A22DE3E64001BF872 /* StoplightTests.xctest */,
				2448819522DE3E64001BF872 /* StoplightUITests.xctest */,
			);
			name = Products;
			sourceTree = "<group>";
		};
		2448817422DE3E64001BF872 /* Stoplight */ = {
			isa = PBXGroup;
			children = (
				244EB52822DFF15F00A34141 /* Models */,
				FCD1851622DFDDF000315845 /* View Controllers */,
				FCD4690D22DE435C0036AA23 /* API Manager */,
				2448817522DE3E64001BF872 /* AppDelegate.h */,
				2448817622DE3E64001BF872 /* AppDelegate.m */,
				70EA3C3E22E674060047F361 /* Utility.h */,
				70EA3C3F22E674060047F361 /* Utility.m */,
				2448817B22DE3E64001BF872 /* Main.storyboard */,
				2448818022DE3E64001BF872 /* LaunchScreen.storyboard */,
				2448817E22DE3E64001BF872 /* Assets.xcassets */,
				2448818322DE3E64001BF872 /* Info.plist */,
				2448818422DE3E64001BF872 /* main.m */,
				7075743E22F25F5A00AA669A /* UIColor+AppColors.h */,
				7075743F22F25F5A00AA669A /* UIColor+AppColors.m */,
			);
			path = Stoplight;
			sourceTree = "<group>";
		};
		2448818D22DE3E64001BF872 /* StoplightTests */ = {
			isa = PBXGroup;
			children = (
				2448818E22DE3E64001BF872 /* StoplightTests.m */,
				2448819022DE3E64001BF872 /* Info.plist */,
			);
			path = StoplightTests;
			sourceTree = "<group>";
		};
		2448819822DE3E64001BF872 /* StoplightUITests */ = {
			isa = PBXGroup;
			children = (
				2448819922DE3E64001BF872 /* StoplightUITests.m */,
				2448819B22DE3E64001BF872 /* Info.plist */,
			);
			path = StoplightUITests;
			sourceTree = "<group>";
		};
		244EB52822DFF15F00A34141 /* Models */ = {
			isa = PBXGroup;
			children = (
				FCD4691122DE6F130036AA23 /* Article.h */,
				FCD4691222DE6F130036AA23 /* Article.m */,
				70886B6222DE7855009F3DB8 /* ArticleCell.h */,
				70886B6322DE7855009F3DB8 /* ArticleCell.m */,
				7093A8D422E0F0E60020F977 /* CategoryCell.h */,
				7093A8D522E0F0E60020F977 /* CategoryCell.m */,
				7075743B22EF8C9300AA669A /* SettingsCategoryCell.h */,
				7075743C22EF8C9300AA669A /* SettingsCategoryCell.m */,
				706946D622E8E75B0009FB03 /* SourceCell.h */,
				706946D722E8E75B0009FB03 /* SourceCell.m */,
				70886B6522DE7D56009F3DB8 /* User.h */,
				70886B6622DE7D56009F3DB8 /* User.m */,
				FC6FA4BB22F3B38500316C1D /* SearchArticleCell.h */,
				FC6FA4BC22F3B38500316C1D /* SearchArticleCell.m */,
			);
			path = Models;
			sourceTree = "<group>";
		};
		520C38EE5D0260FC57F8382E /* Frameworks */ = {
			isa = PBXGroup;
			children = (
				FC6FA4B022EBBB8400316C1D /* WebKit.framework */,
				0DD58D9CE8EA4CE4E34A0DA3 /* Pods_Stoplight.framework */,
				7B1492F1CC1FD23A5C11848C /* Pods_StoplightTests.framework */,
				682BA60F8CB4BFD5BD31D337 /* Pods_StoplightUITests.framework */,
			);
			name = Frameworks;
			sourceTree = "<group>";
		};
		6112322C97C0C80342E17421 /* Pods */ = {
			isa = PBXGroup;
			children = (
				8E73920B81AF7502AC91B586 /* Pods-Stoplight.debug.xcconfig */,
				234E754C9FC2B55DAEC64298 /* Pods-Stoplight.release.xcconfig */,
				D4E31C989648A2743929109F /* Pods-StoplightTests.debug.xcconfig */,
				E7BDF2D6C231F2953035071D /* Pods-StoplightTests.release.xcconfig */,
				6FFDF166D25AFEE8C65BF820 /* Pods-StoplightUITests.debug.xcconfig */,
				A5C2C6156C57B752C3E9DA80 /* Pods-StoplightUITests.release.xcconfig */,
			);
			path = Pods;
			sourceTree = "<group>";
		};
		FCD1851622DFDDF000315845 /* View Controllers */ = {
			isa = PBXGroup;
			children = (
				FC11E89B22E67DE5007380B7 /* AdjustCategoriesViewController.h */,
				FC11E89C22E67DE5007380B7 /* AdjustCategoriesViewController.m */,
				FC11E89822E67DB8007380B7 /* AdjustSourcesViewController.h */,
				FC11E89922E67DB8007380B7 /* AdjustSourcesViewController.m */,
				FCD1851E22DFDDF000315845 /* FeedViewController.h */,
				FCD1851722DFDDF000315845 /* FeedViewController.m */,
				FCD1851F22DFDDF000315845 /* LoginViewController.h */,
				FCD1851A22DFDDF000315845 /* LoginViewController.m */,
				7093A8E322E2409D0020F977 /* SettingsViewController.h */,
				7093A8E422E2409D0020F977 /* SettingsViewController.m */,
				FCD1851D22DFDDF000315845 /* SetupViewController.h */,
				FCD1851822DFDDF000315845 /* SetupViewController.m */,
				FCD1852222DFDDF000315845 /* SignupViewController.h */,
				FCD1851B22DFDDF000315845 /* SignupViewController.m */,
				FC6FA4B222EBBBBB00316C1D /* WebViewController.h */,
				FC6FA4B322EBBBBB00316C1D /* WebViewController.m */,
				FC6FA4B522F0B84A00316C1D /* SearchViewController.h */,
				FC6FA4B622F0B84A00316C1D /* SearchViewController.m */,
			);
			path = "View Controllers";
			sourceTree = "<group>";
		};
		FCD4690D22DE435C0036AA23 /* API Manager */ = {
			isa = PBXGroup;
			children = (
				FCD4690E22DE59A60036AA23 /* APIManager.h */,
				FCD4690F22DE59A60036AA23 /* APIManager.m */,
			);
			path = "API Manager";
			sourceTree = "<group>";
		};
/* End PBXGroup section */

/* Begin PBXNativeTarget section */
		2448817122DE3E64001BF872 /* Stoplight */ = {
			isa = PBXNativeTarget;
			buildConfigurationList = 2448819E22DE3E64001BF872 /* Build configuration list for PBXNativeTarget "Stoplight" */;
			buildPhases = (
				A173F40151FE6E41ADA5EC06 /* [CP] Check Pods Manifest.lock */,
				2448816E22DE3E64001BF872 /* Sources */,
				2448816F22DE3E64001BF872 /* Frameworks */,
				2448817022DE3E64001BF872 /* Resources */,
				DAF7A067F9A20745F2CE9A03 /* [CP] Embed Pods Frameworks */,
			);
			buildRules = (
			);
			dependencies = (
			);
			name = Stoplight;
			productName = Stoplight;
			productReference = 2448817222DE3E64001BF872 /* Stoplight.app */;
			productType = "com.apple.product-type.application";
		};
		2448818922DE3E64001BF872 /* StoplightTests */ = {
			isa = PBXNativeTarget;
			buildConfigurationList = 244881A122DE3E64001BF872 /* Build configuration list for PBXNativeTarget "StoplightTests" */;
			buildPhases = (
				CCA2FA6F805277C1F4E05AAE /* [CP] Check Pods Manifest.lock */,
				2448818622DE3E64001BF872 /* Sources */,
				2448818722DE3E64001BF872 /* Frameworks */,
				2448818822DE3E64001BF872 /* Resources */,
			);
			buildRules = (
			);
			dependencies = (
				2448818C22DE3E64001BF872 /* PBXTargetDependency */,
			);
			name = StoplightTests;
			productName = StoplightTests;
			productReference = 2448818A22DE3E64001BF872 /* StoplightTests.xctest */;
			productType = "com.apple.product-type.bundle.unit-test";
		};
		2448819422DE3E64001BF872 /* StoplightUITests */ = {
			isa = PBXNativeTarget;
			buildConfigurationList = 244881A422DE3E64001BF872 /* Build configuration list for PBXNativeTarget "StoplightUITests" */;
			buildPhases = (
				712C3BC9E956942033139704 /* [CP] Check Pods Manifest.lock */,
				2448819122DE3E64001BF872 /* Sources */,
				2448819222DE3E64001BF872 /* Frameworks */,
				2448819322DE3E64001BF872 /* Resources */,
			);
			buildRules = (
			);
			dependencies = (
				2448819722DE3E64001BF872 /* PBXTargetDependency */,
			);
			name = StoplightUITests;
			productName = StoplightUITests;
			productReference = 2448819522DE3E64001BF872 /* StoplightUITests.xctest */;
			productType = "com.apple.product-type.bundle.ui-testing";
		};
/* End PBXNativeTarget section */

/* Begin PBXProject section */
		2448816A22DE3E64001BF872 /* Project object */ = {
			isa = PBXProject;
			attributes = {
				LastUpgradeCheck = 1020;
				ORGANIZATIONNAME = powercarlos25;
				TargetAttributes = {
					2448817122DE3E64001BF872 = {
						CreatedOnToolsVersion = 10.2.1;
					};
					2448818922DE3E64001BF872 = {
						CreatedOnToolsVersion = 10.2.1;
						TestTargetID = 2448817122DE3E64001BF872;
					};
					2448819422DE3E64001BF872 = {
						CreatedOnToolsVersion = 10.2.1;
						TestTargetID = 2448817122DE3E64001BF872;
					};
				};
			};
			buildConfigurationList = 2448816D22DE3E64001BF872 /* Build configuration list for PBXProject "Stoplight" */;
			compatibilityVersion = "Xcode 9.3";
			developmentRegion = en;
			hasScannedForEncodings = 0;
			knownRegions = (
				en,
				Base,
			);
			mainGroup = 2448816922DE3E64001BF872;
			productRefGroup = 2448817322DE3E64001BF872 /* Products */;
			projectDirPath = "";
			projectRoot = "";
			targets = (
				2448817122DE3E64001BF872 /* Stoplight */,
				2448818922DE3E64001BF872 /* StoplightTests */,
				2448819422DE3E64001BF872 /* StoplightUITests */,
			);
		};
/* End PBXProject section */

/* Begin PBXResourcesBuildPhase section */
		2448817022DE3E64001BF872 /* Resources */ = {
			isa = PBXResourcesBuildPhase;
			buildActionMask = 2147483647;
			files = (
				2448818222DE3E64001BF872 /* LaunchScreen.storyboard in Resources */,
				2448817F22DE3E64001BF872 /* Assets.xcassets in Resources */,
				2448817D22DE3E64001BF872 /* Main.storyboard in Resources */,
			);
			runOnlyForDeploymentPostprocessing = 0;
		};
		2448818822DE3E64001BF872 /* Resources */ = {
			isa = PBXResourcesBuildPhase;
			buildActionMask = 2147483647;
			files = (
			);
			runOnlyForDeploymentPostprocessing = 0;
		};
		2448819322DE3E64001BF872 /* Resources */ = {
			isa = PBXResourcesBuildPhase;
			buildActionMask = 2147483647;
			files = (
			);
			runOnlyForDeploymentPostprocessing = 0;
		};
/* End PBXResourcesBuildPhase section */

/* Begin PBXShellScriptBuildPhase section */
		712C3BC9E956942033139704 /* [CP] Check Pods Manifest.lock */ = {
			isa = PBXShellScriptBuildPhase;
			buildActionMask = 2147483647;
			files = (
			);
			inputFileListPaths = (
			);
			inputPaths = (
				"${PODS_PODFILE_DIR_PATH}/Podfile.lock",
				"${PODS_ROOT}/Manifest.lock",
			);
			name = "[CP] Check Pods Manifest.lock";
			outputFileListPaths = (
			);
			outputPaths = (
				"$(DERIVED_FILE_DIR)/Pods-StoplightUITests-checkManifestLockResult.txt",
			);
			runOnlyForDeploymentPostprocessing = 0;
			shellPath = /bin/sh;
			shellScript = "diff \"${PODS_PODFILE_DIR_PATH}/Podfile.lock\" \"${PODS_ROOT}/Manifest.lock\" > /dev/null\nif [ $? != 0 ] ; then\n    # print error to STDERR\n    echo \"error: The sandbox is not in sync with the Podfile.lock. Run 'pod install' or update your CocoaPods installation.\" >&2\n    exit 1\nfi\n# This output is used by Xcode 'outputs' to avoid re-running this script phase.\necho \"SUCCESS\" > \"${SCRIPT_OUTPUT_FILE_0}\"\n";
			showEnvVarsInLog = 0;
		};
		A173F40151FE6E41ADA5EC06 /* [CP] Check Pods Manifest.lock */ = {
			isa = PBXShellScriptBuildPhase;
			buildActionMask = 2147483647;
			files = (
			);
			inputFileListPaths = (
			);
			inputPaths = (
				"${PODS_PODFILE_DIR_PATH}/Podfile.lock",
				"${PODS_ROOT}/Manifest.lock",
			);
			name = "[CP] Check Pods Manifest.lock";
			outputFileListPaths = (
			);
			outputPaths = (
				"$(DERIVED_FILE_DIR)/Pods-Stoplight-checkManifestLockResult.txt",
			);
			runOnlyForDeploymentPostprocessing = 0;
			shellPath = /bin/sh;
			shellScript = "diff \"${PODS_PODFILE_DIR_PATH}/Podfile.lock\" \"${PODS_ROOT}/Manifest.lock\" > /dev/null\nif [ $? != 0 ] ; then\n    # print error to STDERR\n    echo \"error: The sandbox is not in sync with the Podfile.lock. Run 'pod install' or update your CocoaPods installation.\" >&2\n    exit 1\nfi\n# This output is used by Xcode 'outputs' to avoid re-running this script phase.\necho \"SUCCESS\" > \"${SCRIPT_OUTPUT_FILE_0}\"\n";
			showEnvVarsInLog = 0;
		};
		CCA2FA6F805277C1F4E05AAE /* [CP] Check Pods Manifest.lock */ = {
			isa = PBXShellScriptBuildPhase;
			buildActionMask = 2147483647;
			files = (
			);
			inputFileListPaths = (
			);
			inputPaths = (
				"${PODS_PODFILE_DIR_PATH}/Podfile.lock",
				"${PODS_ROOT}/Manifest.lock",
			);
			name = "[CP] Check Pods Manifest.lock";
			outputFileListPaths = (
			);
			outputPaths = (
				"$(DERIVED_FILE_DIR)/Pods-StoplightTests-checkManifestLockResult.txt",
			);
			runOnlyForDeploymentPostprocessing = 0;
			shellPath = /bin/sh;
			shellScript = "diff \"${PODS_PODFILE_DIR_PATH}/Podfile.lock\" \"${PODS_ROOT}/Manifest.lock\" > /dev/null\nif [ $? != 0 ] ; then\n    # print error to STDERR\n    echo \"error: The sandbox is not in sync with the Podfile.lock. Run 'pod install' or update your CocoaPods installation.\" >&2\n    exit 1\nfi\n# This output is used by Xcode 'outputs' to avoid re-running this script phase.\necho \"SUCCESS\" > \"${SCRIPT_OUTPUT_FILE_0}\"\n";
			showEnvVarsInLog = 0;
		};
		DAF7A067F9A20745F2CE9A03 /* [CP] Embed Pods Frameworks */ = {
			isa = PBXShellScriptBuildPhase;
			buildActionMask = 2147483647;
			files = (
			);
			inputFileListPaths = (
				"${PODS_ROOT}/Target Support Files/Pods-Stoplight/Pods-Stoplight-frameworks-${CONFIGURATION}-input-files.xcfilelist",
			);
			name = "[CP] Embed Pods Frameworks";
			outputFileListPaths = (
				"${PODS_ROOT}/Target Support Files/Pods-Stoplight/Pods-Stoplight-frameworks-${CONFIGURATION}-output-files.xcfilelist",
			);
			runOnlyForDeploymentPostprocessing = 0;
			shellPath = /bin/sh;
			shellScript = "\"${PODS_ROOT}/Target Support Files/Pods-Stoplight/Pods-Stoplight-frameworks.sh\"\n";
			showEnvVarsInLog = 0;
		};
/* End PBXShellScriptBuildPhase section */

/* Begin PBXSourcesBuildPhase section */
		2448816E22DE3E64001BF872 /* Sources */ = {
			isa = PBXSourcesBuildPhase;
			buildActionMask = 2147483647;
			files = (
				FC50EB3E22F9F61400F267D4 /* Utility.h in Sources */,
				FC50EB3F22F9F61400F267D4 /* Utility.m in Sources */,
				706946D822E8E75B0009FB03 /* SourceCell.m in Sources */,
				FC6FA4B422EBBBBB00316C1D /* WebViewController.m in Sources */,
				2461EC0122E1376800077272 /* LoginViewController.h in Sources */,
				2461EC0022E1375F00077272 /* LoginViewController.m in Sources */,
				2461EBFE22E1357C00077272 /* APIManager.h in Sources */,
				7075743D22EF8C9300AA669A /* SettingsCategoryCell.m in Sources */,
				FC11E89D22E67DE5007380B7 /* AdjustCategoriesViewController.m in Sources */,
				7093A8E522E2409D0020F977 /* SettingsViewController.m in Sources */,
				7075744022F25F5A00AA669A /* UIColor+AppColors.m in Sources */,
				2461EBFF22E1357C00077272 /* AppDelegate.h in Sources */,
				2461EBFB22E1357600077272 /* SignupViewController.h in Sources */,
				FC6FA4B722F0B84A00316C1D /* SearchViewController.m in Sources */,
				2461EBFC22E1357600077272 /* FeedViewController.h in Sources */,
				2461EBFD22E1357600077272 /* SetupViewController.h in Sources */,
				2461EBF822E1356D00077272 /* ArticleCell.h in Sources */,
				FC11E89A22E67DB8007380B7 /* AdjustSourcesViewController.m in Sources */,
				2461EBF922E1356D00077272 /* CategoryCell.h in Sources */,
				2461EBFA22E1356D00077272 /* User.h in Sources */,
				244EB52922DFF1AA00A34141 /* Article.h in Sources */,
				FCD1850F22DF9F4C00315845 /* (null) in Sources */,
				FCD4691322DE6F130036AA23 /* Article.m in Sources */,
				FCD4691022DE59A60036AA23 /* APIManager.m in Sources */,
				2448818522DE3E64001BF872 /* main.m in Sources */,
				7093A8D622E0F0E60020F977 /* CategoryCell.m in Sources */,
				FCD1852422DFDDF000315845 /* SetupViewController.m in Sources */,
				70886B6722DE7D56009F3DB8 /* User.m in Sources */,
				70886B5522DE709E009F3DB8 /* (null) in Sources */,
				70886B6422DE7855009F3DB8 /* ArticleCell.m in Sources */,
				FCD1852322DFDDF000315845 /* FeedViewController.m in Sources */,
				2448817722DE3E64001BF872 /* AppDelegate.m in Sources */,
				FCD1852622DFDDF000315845 /* SignupViewController.m in Sources */,
				FC6FA4BD22F3B38500316C1D /* SearchArticleCell.m in Sources */,
			);
			runOnlyForDeploymentPostprocessing = 0;
		};
		2448818622DE3E64001BF872 /* Sources */ = {
			isa = PBXSourcesBuildPhase;
			buildActionMask = 2147483647;
			files = (
				2448818F22DE3E64001BF872 /* StoplightTests.m in Sources */,
			);
			runOnlyForDeploymentPostprocessing = 0;
		};
		2448819122DE3E64001BF872 /* Sources */ = {
			isa = PBXSourcesBuildPhase;
			buildActionMask = 2147483647;
			files = (
				2448819A22DE3E64001BF872 /* StoplightUITests.m in Sources */,
			);
			runOnlyForDeploymentPostprocessing = 0;
		};
/* End PBXSourcesBuildPhase section */

/* Begin PBXTargetDependency section */
		2448818C22DE3E64001BF872 /* PBXTargetDependency */ = {
			isa = PBXTargetDependency;
			target = 2448817122DE3E64001BF872 /* Stoplight */;
			targetProxy = 2448818B22DE3E64001BF872 /* PBXContainerItemProxy */;
		};
		2448819722DE3E64001BF872 /* PBXTargetDependency */ = {
			isa = PBXTargetDependency;
			target = 2448817122DE3E64001BF872 /* Stoplight */;
			targetProxy = 2448819622DE3E64001BF872 /* PBXContainerItemProxy */;
		};
/* End PBXTargetDependency section */

/* Begin PBXVariantGroup section */
		2448817B22DE3E64001BF872 /* Main.storyboard */ = {
			isa = PBXVariantGroup;
			children = (
				2448817C22DE3E64001BF872 /* Base */,
			);
			name = Main.storyboard;
			sourceTree = "<group>";
		};
		2448818022DE3E64001BF872 /* LaunchScreen.storyboard */ = {
			isa = PBXVariantGroup;
			children = (
				2448818122DE3E64001BF872 /* Base */,
			);
			name = LaunchScreen.storyboard;
			sourceTree = "<group>";
		};
/* End PBXVariantGroup section */

/* Begin XCBuildConfiguration section */
		2448819C22DE3E64001BF872 /* Debug */ = {
			isa = XCBuildConfiguration;
			buildSettings = {
				ALWAYS_SEARCH_USER_PATHS = NO;
				CLANG_ANALYZER_NONNULL = YES;
				CLANG_ANALYZER_NUMBER_OBJECT_CONVERSION = YES_AGGRESSIVE;
				CLANG_CXX_LANGUAGE_STANDARD = "gnu++14";
				CLANG_CXX_LIBRARY = "libc++";
				CLANG_ENABLE_MODULES = YES;
				CLANG_ENABLE_OBJC_ARC = YES;
				CLANG_ENABLE_OBJC_WEAK = YES;
				CLANG_WARN_BLOCK_CAPTURE_AUTORELEASING = YES;
				CLANG_WARN_BOOL_CONVERSION = YES;
				CLANG_WARN_COMMA = YES;
				CLANG_WARN_CONSTANT_CONVERSION = YES;
				CLANG_WARN_DEPRECATED_OBJC_IMPLEMENTATIONS = YES;
				CLANG_WARN_DIRECT_OBJC_ISA_USAGE = YES_ERROR;
				CLANG_WARN_DOCUMENTATION_COMMENTS = YES;
				CLANG_WARN_EMPTY_BODY = YES;
				CLANG_WARN_ENUM_CONVERSION = YES;
				CLANG_WARN_INFINITE_RECURSION = YES;
				CLANG_WARN_INT_CONVERSION = YES;
				CLANG_WARN_NON_LITERAL_NULL_CONVERSION = YES;
				CLANG_WARN_OBJC_IMPLICIT_RETAIN_SELF = YES;
				CLANG_WARN_OBJC_LITERAL_CONVERSION = YES;
				CLANG_WARN_OBJC_ROOT_CLASS = YES_ERROR;
				CLANG_WARN_RANGE_LOOP_ANALYSIS = YES;
				CLANG_WARN_STRICT_PROTOTYPES = YES;
				CLANG_WARN_SUSPICIOUS_MOVE = YES;
				CLANG_WARN_UNGUARDED_AVAILABILITY = YES_AGGRESSIVE;
				CLANG_WARN_UNREACHABLE_CODE = YES;
				CLANG_WARN__DUPLICATE_METHOD_MATCH = YES;
				CODE_SIGN_IDENTITY = "iPhone Developer";
				COPY_PHASE_STRIP = NO;
				DEBUG_INFORMATION_FORMAT = dwarf;
				ENABLE_STRICT_OBJC_MSGSEND = YES;
				ENABLE_TESTABILITY = YES;
				GCC_C_LANGUAGE_STANDARD = gnu11;
				GCC_DYNAMIC_NO_PIC = NO;
				GCC_NO_COMMON_BLOCKS = YES;
				GCC_OPTIMIZATION_LEVEL = 0;
				GCC_PREPROCESSOR_DEFINITIONS = (
					"DEBUG=1",
					"$(inherited)",
				);
				GCC_WARN_64_TO_32_BIT_CONVERSION = YES;
				GCC_WARN_ABOUT_RETURN_TYPE = YES_ERROR;
				GCC_WARN_UNDECLARED_SELECTOR = YES;
				GCC_WARN_UNINITIALIZED_AUTOS = YES_AGGRESSIVE;
				GCC_WARN_UNUSED_FUNCTION = YES;
				GCC_WARN_UNUSED_VARIABLE = YES;
				IPHONEOS_DEPLOYMENT_TARGET = 12.2;
				MTL_ENABLE_DEBUG_INFO = INCLUDE_SOURCE;
				MTL_FAST_MATH = YES;
				ONLY_ACTIVE_ARCH = YES;
				SDKROOT = iphoneos;
			};
			name = Debug;
		};
		2448819D22DE3E64001BF872 /* Release */ = {
			isa = XCBuildConfiguration;
			buildSettings = {
				ALWAYS_SEARCH_USER_PATHS = NO;
				CLANG_ANALYZER_NONNULL = YES;
				CLANG_ANALYZER_NUMBER_OBJECT_CONVERSION = YES_AGGRESSIVE;
				CLANG_CXX_LANGUAGE_STANDARD = "gnu++14";
				CLANG_CXX_LIBRARY = "libc++";
				CLANG_ENABLE_MODULES = YES;
				CLANG_ENABLE_OBJC_ARC = YES;
				CLANG_ENABLE_OBJC_WEAK = YES;
				CLANG_WARN_BLOCK_CAPTURE_AUTORELEASING = YES;
				CLANG_WARN_BOOL_CONVERSION = YES;
				CLANG_WARN_COMMA = YES;
				CLANG_WARN_CONSTANT_CONVERSION = YES;
				CLANG_WARN_DEPRECATED_OBJC_IMPLEMENTATIONS = YES;
				CLANG_WARN_DIRECT_OBJC_ISA_USAGE = YES_ERROR;
				CLANG_WARN_DOCUMENTATION_COMMENTS = YES;
				CLANG_WARN_EMPTY_BODY = YES;
				CLANG_WARN_ENUM_CONVERSION = YES;
				CLANG_WARN_INFINITE_RECURSION = YES;
				CLANG_WARN_INT_CONVERSION = YES;
				CLANG_WARN_NON_LITERAL_NULL_CONVERSION = YES;
				CLANG_WARN_OBJC_IMPLICIT_RETAIN_SELF = YES;
				CLANG_WARN_OBJC_LITERAL_CONVERSION = YES;
				CLANG_WARN_OBJC_ROOT_CLASS = YES_ERROR;
				CLANG_WARN_RANGE_LOOP_ANALYSIS = YES;
				CLANG_WARN_STRICT_PROTOTYPES = YES;
				CLANG_WARN_SUSPICIOUS_MOVE = YES;
				CLANG_WARN_UNGUARDED_AVAILABILITY = YES_AGGRESSIVE;
				CLANG_WARN_UNREACHABLE_CODE = YES;
				CLANG_WARN__DUPLICATE_METHOD_MATCH = YES;
				CODE_SIGN_IDENTITY = "iPhone Developer";
				COPY_PHASE_STRIP = NO;
				DEBUG_INFORMATION_FORMAT = "dwarf-with-dsym";
				ENABLE_NS_ASSERTIONS = NO;
				ENABLE_STRICT_OBJC_MSGSEND = YES;
				GCC_C_LANGUAGE_STANDARD = gnu11;
				GCC_NO_COMMON_BLOCKS = YES;
				GCC_WARN_64_TO_32_BIT_CONVERSION = YES;
				GCC_WARN_ABOUT_RETURN_TYPE = YES_ERROR;
				GCC_WARN_UNDECLARED_SELECTOR = YES;
				GCC_WARN_UNINITIALIZED_AUTOS = YES_AGGRESSIVE;
				GCC_WARN_UNUSED_FUNCTION = YES;
				GCC_WARN_UNUSED_VARIABLE = YES;
				IPHONEOS_DEPLOYMENT_TARGET = 12.2;
				MTL_ENABLE_DEBUG_INFO = NO;
				MTL_FAST_MATH = YES;
				SDKROOT = iphoneos;
				VALIDATE_PRODUCT = YES;
			};
			name = Release;
		};
		2448819F22DE3E64001BF872 /* Debug */ = {
			isa = XCBuildConfiguration;
			baseConfigurationReference = 8E73920B81AF7502AC91B586 /* Pods-Stoplight.debug.xcconfig */;
			buildSettings = {
				ASSETCATALOG_COMPILER_APPICON_NAME = AppIcon;
				CODE_SIGN_STYLE = Automatic;
				DEVELOPMENT_TEAM = 7QT8F3C5QR;
				INFOPLIST_FILE = Stoplight/Info.plist;
				IPHONEOS_DEPLOYMENT_TARGET = 12.0;
				LD_RUNPATH_SEARCH_PATHS = (
					"$(inherited)",
					"@executable_path/Frameworks",
				);
				PRODUCT_BUNDLE_IDENTIFIER = com.emily13hsiao.Stoplight;
				PRODUCT_NAME = "$(TARGET_NAME)";
				TARGETED_DEVICE_FAMILY = "1,2";
			};
			name = Debug;
		};
		244881A022DE3E64001BF872 /* Release */ = {
			isa = XCBuildConfiguration;
			baseConfigurationReference = 234E754C9FC2B55DAEC64298 /* Pods-Stoplight.release.xcconfig */;
			buildSettings = {
				ASSETCATALOG_COMPILER_APPICON_NAME = AppIcon;
				CODE_SIGN_STYLE = Automatic;
				DEVELOPMENT_TEAM = 7QT8F3C5QR;
				INFOPLIST_FILE = Stoplight/Info.plist;
				IPHONEOS_DEPLOYMENT_TARGET = 12.0;
				LD_RUNPATH_SEARCH_PATHS = (
					"$(inherited)",
					"@executable_path/Frameworks",
				);
				PRODUCT_BUNDLE_IDENTIFIER = com.emily13hsiao.Stoplight;
				PRODUCT_NAME = "$(TARGET_NAME)";
				TARGETED_DEVICE_FAMILY = "1,2";
			};
			name = Release;
		};
		244881A222DE3E64001BF872 /* Debug */ = {
			isa = XCBuildConfiguration;
			baseConfigurationReference = D4E31C989648A2743929109F /* Pods-StoplightTests.debug.xcconfig */;
			buildSettings = {
				BUNDLE_LOADER = "$(TEST_HOST)";
				CODE_SIGN_STYLE = Automatic;
				DEVELOPMENT_TEAM = 893L9MG4VR;
				INFOPLIST_FILE = StoplightTests/Info.plist;
				LD_RUNPATH_SEARCH_PATHS = (
					"$(inherited)",
					"@executable_path/Frameworks",
					"@loader_path/Frameworks",
				);
				PRODUCT_BUNDLE_IDENTIFIER = com.powercarlos25.StoplightTests;
				PRODUCT_NAME = "$(TARGET_NAME)";
				TARGETED_DEVICE_FAMILY = "1,2";
				TEST_HOST = "$(BUILT_PRODUCTS_DIR)/Stoplight.app/Stoplight";
			};
			name = Debug;
		};
		244881A322DE3E64001BF872 /* Release */ = {
			isa = XCBuildConfiguration;
			baseConfigurationReference = E7BDF2D6C231F2953035071D /* Pods-StoplightTests.release.xcconfig */;
			buildSettings = {
				BUNDLE_LOADER = "$(TEST_HOST)";
				CODE_SIGN_STYLE = Automatic;
				DEVELOPMENT_TEAM = 893L9MG4VR;
				INFOPLIST_FILE = StoplightTests/Info.plist;
				LD_RUNPATH_SEARCH_PATHS = (
					"$(inherited)",
					"@executable_path/Frameworks",
					"@loader_path/Frameworks",
				);
				PRODUCT_BUNDLE_IDENTIFIER = com.powercarlos25.StoplightTests;
				PRODUCT_NAME = "$(TARGET_NAME)";
				TARGETED_DEVICE_FAMILY = "1,2";
				TEST_HOST = "$(BUILT_PRODUCTS_DIR)/Stoplight.app/Stoplight";
			};
			name = Release;
		};
		244881A522DE3E64001BF872 /* Debug */ = {
			isa = XCBuildConfiguration;
			baseConfigurationReference = 6FFDF166D25AFEE8C65BF820 /* Pods-StoplightUITests.debug.xcconfig */;
			buildSettings = {
				CODE_SIGN_STYLE = Automatic;
				DEVELOPMENT_TEAM = 893L9MG4VR;
				INFOPLIST_FILE = StoplightUITests/Info.plist;
				LD_RUNPATH_SEARCH_PATHS = (
					"$(inherited)",
					"@executable_path/Frameworks",
					"@loader_path/Frameworks",
				);
				PRODUCT_BUNDLE_IDENTIFIER = com.powercarlos25.StoplightUITests;
				PRODUCT_NAME = "$(TARGET_NAME)";
				TARGETED_DEVICE_FAMILY = "1,2";
				TEST_TARGET_NAME = Stoplight;
			};
			name = Debug;
		};
		244881A622DE3E64001BF872 /* Release */ = {
			isa = XCBuildConfiguration;
			baseConfigurationReference = A5C2C6156C57B752C3E9DA80 /* Pods-StoplightUITests.release.xcconfig */;
			buildSettings = {
				CODE_SIGN_STYLE = Automatic;
				DEVELOPMENT_TEAM = 893L9MG4VR;
				INFOPLIST_FILE = StoplightUITests/Info.plist;
				LD_RUNPATH_SEARCH_PATHS = (
					"$(inherited)",
					"@executable_path/Frameworks",
					"@loader_path/Frameworks",
				);
				PRODUCT_BUNDLE_IDENTIFIER = com.powercarlos25.StoplightUITests;
				PRODUCT_NAME = "$(TARGET_NAME)";
				TARGETED_DEVICE_FAMILY = "1,2";
				TEST_TARGET_NAME = Stoplight;
			};
			name = Release;
		};
/* End XCBuildConfiguration section */

/* Begin XCConfigurationList section */
		2448816D22DE3E64001BF872 /* Build configuration list for PBXProject "Stoplight" */ = {
			isa = XCConfigurationList;
			buildConfigurations = (
				2448819C22DE3E64001BF872 /* Debug */,
				2448819D22DE3E64001BF872 /* Release */,
			);
			defaultConfigurationIsVisible = 0;
			defaultConfigurationName = Release;
		};
		2448819E22DE3E64001BF872 /* Build configuration list for PBXNativeTarget "Stoplight" */ = {
			isa = XCConfigurationList;
			buildConfigurations = (
				2448819F22DE3E64001BF872 /* Debug */,
				244881A022DE3E64001BF872 /* Release */,
			);
			defaultConfigurationIsVisible = 0;
			defaultConfigurationName = Release;
		};
		244881A122DE3E64001BF872 /* Build configuration list for PBXNativeTarget "StoplightTests" */ = {
			isa = XCConfigurationList;
			buildConfigurations = (
				244881A222DE3E64001BF872 /* Debug */,
				244881A322DE3E64001BF872 /* Release */,
			);
			defaultConfigurationIsVisible = 0;
			defaultConfigurationName = Release;
		};
		244881A422DE3E64001BF872 /* Build configuration list for PBXNativeTarget "StoplightUITests" */ = {
			isa = XCConfigurationList;
			buildConfigurations = (
				244881A522DE3E64001BF872 /* Debug */,
				244881A622DE3E64001BF872 /* Release */,
			);
			defaultConfigurationIsVisible = 0;
			defaultConfigurationName = Release;
		};
/* End XCConfigurationList section */
	};
	rootObject = 2448816A22DE3E64001BF872 /* Project object */;
}
